
Microsoft Visual Studio Solution File, Format Version 12.00
# Visual Studio 15
VisualStudioVersion = 15.0.28307.1500
MinimumVisualStudioVersion = 10.0.40219.1
Project("{FAE04EC0-301F-11D3-BF4B-00C04F79EFBC}") = "ProjectForTest", "ProjectForTest\ProjectForTest.csproj", "{F03FDF72-61DA-4CA7-8083-8EA4F29F8889}"
EndProject
Project("{FAE04EC0-301F-11D3-BF4B-00C04F79EFBC}") = "TestForProject", "TestForProject\TestForProject.csproj", "{857ED325-5844-45AF-A6EE-FEBE5D936AE8}"
EndProject
Global
	GlobalSection(SolutionConfigurationPlatforms) = preSolution
		Debug|Any CPU = Debug|Any CPU
		Release|Any CPU = Release|Any CPU
	EndGlobalSection
	GlobalSection(ProjectConfigurationPlatforms) = postSolution
		{F03FDF72-61DA-4CA7-8083-8EA4F29F8889}.Debug|Any CPU.ActiveCfg = Debug|Any CPU
		{F03FDF72-61DA-4CA7-8083-8EA4F29F8889}.Debug|Any CPU.Build.0 = Debug|Any CPU
		{F03FDF72-61DA-4CA7-8083-8EA4F29F8889}.Release|Any CPU.ActiveCfg = Release|Any CPU
		{F03FDF72-61DA-4CA7-8083-8EA4F29F8889}.Release|Any CPU.Build.0 = Release|Any CPU
		{857ED325-5844-45AF-A6EE-FEBE5D936AE8}.Debug|Any CPU.ActiveCfg = Debug|Any CPU
		{857ED325-5844-45AF-A6EE-FEBE5D936AE8}.Debug|Any CPU.Build.0 = Debug|Any CPU
		{857ED325-5844-45AF-A6EE-FEBE5D936AE8}.Release|Any CPU.ActiveCfg = Release|Any CPU
		{857ED325-5844-45AF-A6EE-FEBE5D936AE8}.Release|Any CPU.Build.0 = Release|Any CPU
	EndGlobalSection
	GlobalSection(SolutionProperties) = preSolution
		HideSolutionNode = FALSE
	EndGlobalSection
	GlobalSection(ExtensibilityGlobals) = postSolution
		SolutionGuid = {FCFF3AE2-26A5-444C-9F4A-5FEE2F8A004F}
	EndGlobalSection
EndGlobal
